<Solution>
  <Project Path="lvl01x01_HelloWorld/lvl01x01_HelloWorld.csproj" />
  <Project Path="lvl02x01_WhatComesNext/lvl02x01_WhatComesNext.csproj" />
  <Project Path="lvl02x02_MakingsOfAProgrammer/lvl02x02_MakingsOfAProgrammer.csproj" />
  <Project Path="lvl02x03_Inputs/lvl02x03_Inputs.csproj" />
  <Project Path="lvl03x01_DecompiledGem/lvl03x01_DecompiledGem.csproj" />
  <Project Path="lvl04x01_ReusingAVariable/lvl04x01_ReusingAVariable.csproj" />
  <Project Path="lvl05x01_ThreeTypes/lvl05x01_ThreeTypes.csproj" />
  <Project Path="lvl05x02_FirstCrash/lvl05x02_FirstCrash.csproj" />
  <Project Path="lvl06x01_Distraction/lvl06x01_Distraction.csproj" />
  <Project Path="lvl06x02_FarmFields/lvl06x02_FarmFields.csproj" />
  <Project Path="lvl06x03_Ditches/lvl06x03_Ditches.csproj" />
  <Project Path="lvl06x04_DominionOfKings/lvl06x04_DominionOfKings.csproj" />
  <Project Path="lvl06x05_FourSisAndDuckbear/lvl06x05_FourSisAndDuckbear.csproj" />
  <Project Path="lvl06x06_GuidestonePt1/lvl06x06_GuidestonePt1.csproj" />
  <Project Path="lvl06x07_GuidestonePt2/lvl06x07_GuidestonePt2.csproj" />
  <Project Path="lvl07x01_EnclaveGatewayPt1/lvl07x01_EnclaveGatewayPt1.csproj" />
  <Project Path="lvl07x02_EnclaveGatewayPt2/lvl07x02_EnclaveGatewayPt2.csproj" />
  <Project Path="lvl07x03_EnclaveGatewayPt3/lvl07x03_EnclaveGatewayPt3.csproj" />
  <Project Path="lvl07x04_EnclaveGatewayPt4/lvl07x04_EnclaveGatewayPt4.csproj" />
  <Project Path="lvl07x05_EnclaveGatewayPt5/lvl07x05_EnclaveGatewayPt5.csproj" />
  <Project Path="lvl07x06_TrapPt1/lvl07x06_TrapPt1.csproj" />
  <Project Path="lvl07x07_TrapPt2/lvl07x07_TrapPt2.csproj" />
  <Project Path="lvl08x01_Reset/lvl08x01_Reset.csproj" />
  <Project Path="lvl08x02_MustGoFaster/lvl08x02_MustGoFaster.csproj" />
  <Project Path="lvl09x01_CombinationLock/lvl09x01_CombinationLock.csproj" />
  <Project Path="lvl09x02_InterpolationExperiment/lvl09x02_InterpolationExperiment.csproj" />
  <Project Path="lvl09x03_TheGrid/lvl09x03_TheGrid.csproj" />
  <Project Path="lvl09x04_SplittingInput/lvl09x04_SplittingInput.csproj" />
  <Project Path="lvl09x05_Retrieval/lvl09x05_Retrieval.csproj" />
  <Project Path="lvl10x01_GettingFancy/lvl10x01_GettingFancy.csproj" />
  <Project Path="lvl10x02_CoffeeMachine/lvl10x02_CoffeeMachine.csproj" />
  <Project Path="lvl11x01_ThePrototype/lvl11x01_ThePrototype.csproj" />
  <Project Path="lvl11x02_Heartbeats/lvl11x02_Heartbeats.csproj" />
  <Project Path="lvl12x01_ArrayExperiment/lvl12x01_ArrayExperiment.csproj" />
  <Project Path="lvl12x02_LongArrays/lvl12x02_LongArrays.csproj" />
  <Project Path="lvl12x03_SimpleArrays/lvl12x03_SimpleArrays.csproj" />
  <Project Path="lvl12x04_Foreach/lvl12x04_Foreach.csproj" />
  <Project Path="lvl12x05_AddAndRemove/lvl12x05_AddAndRemove.csproj" />
  <Project Path="lvl12x06_Map/lvl12x06_Map.csproj" />
</Solution>
